{
    "_meta": {
        "hash": {
            "sha256": "2761918d8aef34b9d9d5163fd61b869b02f1c460420f5f8dc3ad8defd92a7ceb"
        },
        "pipfile-spec": 6,
        "requires": {
            "python_version": "3.6"
        },
        "sources": [
            {
                "name": "pypi",
                "url": "https://pypi.org/simple",
                "verify_ssl": true
            }
        ]
    },
    "default": {
        "numpy": {
            "hashes": [
                "sha256:0e2eed77804b2a6a88741f8fcac02c5499bba3953ec9c71e8b217fad4912c56c",
                "sha256:1c666f04553ef70fda54adf097dbae7080645435fc273e2397f26bbf1d127bbb",
                "sha256:1f46532afa7b2903bfb1b79becca2954c0a04389d19e03dc73f06b039048ac40",
                "sha256:315fa1b1dfc16ae0f03f8fd1c55f23fd15368710f641d570236f3d78af55e340",
                "sha256:3d5fcea4f5ed40c3280791d54da3ad2ecf896f4c87c877b113576b8280c59441",
                "sha256:48241759b99d60aba63b0e590332c600fc4b46ad597c9b0a53f350b871ef0634",
                "sha256:4b4f2924b36d857cf302aec369caac61e43500c17eeef0d7baacad1084c0ee84",
                "sha256:54fe3b7ed9e7eb928bbc4318f954d133851865f062fa4bbb02ef8940bc67b5d2",
                "sha256:5a8f021c70e6206c317974c93eaaf9bc2b56295b6b1cacccf88846e44a1f33fc",
                "sha256:754a6be26d938e6ca91942804eb209307b73f806a1721176278a6038869a1686",
                "sha256:771147e654e8b95eea1293174a94f34e2e77d5729ad44aefb62fbf8a79747a15",
                "sha256:78a6f89da87eeb48014ec652a65c4ffde370c036d780a995edaeb121d3625621",
                "sha256:7fde5c2a3a682a9e101e61d97696687ebdba47637611378b4127fe7e47fdf2bf",
                "sha256:80d99399c97f646e873dd8ce87c38cfdbb668956bbc39bc1e6cac4b515bba2a0",
                "sha256:88a72c1e45a0ae24d1f249a529d9f71fe82e6fa6a3fd61414b829396ec585900",
                "sha256:a4f4460877a16ac73302a9c077ca545498d9fe64e6a81398d8e1a67e4695e3df",
                "sha256:a61255a765b3ac73ee4b110b28fccfbf758c985677f526c2b4b39c48cc4b509d",
                "sha256:ab4896a8c910b9a04c0142871d8800c76c8a2e5ff44763513e1dd9d9631ce897",
                "sha256:abbd6b1c2ef6199f4b7ca9f818eb6b31f17b73a6110aadc4e4298c3f00fab24e",
                "sha256:b16d88da290334e33ea992c56492326ea3b06233a00a1855414360b77ca72f26",
                "sha256:b78a1defedb0e8f6ae1eb55fa6ac74ab42acc4569c3a2eacc2a407ee5d42ebcb",
                "sha256:cfef82c43b8b29ca436560d51b2251d5117818a8d1fb74a8384a83c096745dad",
                "sha256:d160e57731fcdec2beda807ebcabf39823c47e9409485b5a3a1db3a8c6ce763e"
            ],
            "index": "pypi",
            "version": "==1.16.3"
        },
        "opencv-python": {
            "hashes": [
                "sha256:042b141424978d2cc9b32905a22b137d39d9f61d60f9cd970d9ed35da8b508d8",
                "sha256:0550060919e4aa0083c552e1e9d3e6548fe946a34bbe573b94ea6e9bf9d8da4e",
                "sha256:154daf889e23b0c6b27449033561699378094230e3b2a29515f74b06a682e806",
                "sha256:1f48aa26bde4607d7e797b768ec7cac796f8b98e3cc313de4942193731daa155",
                "sha256:2c6c43d95e618f7c97c81553daa6cc476f83cb9b4782c131b104171d909427cc",
                "sha256:42d53bdb47fadc7d266c88a00120f452171bfda06f8cbb12706106c26a28322d",
                "sha256:45ea2d208277c044d7fb9ec0f47f44227bcabfcacb0cd4687f217cb01e7c133d",
                "sha256:4fb8bcc669c5be8f342b6ea7dcba00c7c4bba9e0dd68a48a5e3428e396853150",
                "sha256:54bfe1e32f0fcd919c1883f173787bef019aa38c6202259265b1fa15270602f4",
                "sha256:5ffc9d9d7922b808fed6ed4bbbc596b799d2ba93cceb2dd87a03b6489051d7e2",
                "sha256:70cb9b121649c5bfba3aba29b517e9ed34ae9fb9dbff5e211f979a778f230cc2",
                "sha256:77cc97703bbecad79484cfcd49a7e21b81ba7d481ae7a030a482347760fd6694",
                "sha256:90ad5029ff9a8dde58b01aa6d8903989dde9c13fc88f403d1af20a4ae8917ba2",
                "sha256:9fdaab937a0f9e8237c89bac8ff01279b2321e74fe0cdeaeb3710854d96819c8",
                "sha256:a1298bfdb7475740a825c28c9c0ecce4d80225376702c72b7fe296f7eb9f3e0b",
                "sha256:a16698f2d1a4c7f8c604482f252ac3b44fb680878e84e2b091b76ba6cb23d4b0",
                "sha256:a2141cfb98c7e6d3ab7c50b511b02d688057417ac0a89d64795394a0e91369b4",
                "sha256:ac3d16be4662ce179187b51ae5698f0d25b970ab9e79d7216f6587623703c61a",
                "sha256:b1951fece88abb0d630a8b93eae2fa6cbf085dfcd727b34ccd9151008965cc7c",
                "sha256:c5c95a5e8f7aaa90da39604fe2e467b914183c81c7c776e2cade0173922c48cc",
                "sha256:cfe04992f508389e0a21eebb3b109c560b4b55ce66eab9783baa74f4b51aef3b",
                "sha256:d7eae953eaf8f9a0d9c3aa54dc59ff80322f156a5293940e5ab50ff7d46f6659",
                "sha256:de08cda9999a6095552d26ed96fa86519c93bccd80a1cd7762feec9e4f935e43",
                "sha256:e4f46417e7a9b9df050b1bc2596a33cc7036a2cb0ec8d4a03bd80c7601ef87be",
                "sha256:e50f2897b85eb40bf6b9a51fb62ecc0b00fb18edaf376febf8cf55d29baadf58",
                "sha256:e91df696f8e84a306b3c95c041df2e19d752ede94006f388483d47105e15185d",
                "sha256:ee8de5169d1f2639e9a7f76a59eb1c5d7708051fc3f7e336bf430b1b61533922"
            ],
            "index": "pypi",
            "version": "==3.4.5.20"
        }
    },
    "develop": {}
}
