{
    "_meta": {
        "hash": {
            "sha256": "fbd30248379ecd6884585ff0e73843acd4a0cdf2969fc93655f655fd222649d9"
        },
        "pipfile-spec": 6,
        "requires": {
            "python_version": "3.6"
        },
        "sources": [
            {
                "name": "pypi",
                "url": "https://pypi.org/simple",
                "verify_ssl": true
            }
        ]
    },
    "default": {
        "common": {
            "hashes": [
                "sha256:3dfa982670abefc870043b239eaa0ecd860be7aa952b1931c1356b426ff8c76a"
            ],
            "index": "pypi",
            "version": "==0.1.2"
        }
    },
    "develop": {}
}
